Microsoft Visual Studio Solution File, Format Version 12.00
# Visual Studio Version 17
VisualStudioVersion = 17.5.2.0
MinimumVisualStudioVersion = 10.0.40219.1
Project("{2150E333-8FDC-42A3-9474-1A3956D46DE8}") = "GUI", "GUI", "{9824AA2D-9169-1FBC-8A83-7227C72EA239}"
EndProject
Project("{FAE04EC0-301F-11D3-BF4B-00C04F79EFBC}") = "RailRouteGUI", "GUI\RailRouteGUI\RailRouteGUI.csproj", "{182C5F4C-D099-DA0F-D0AD-7F52C8D7C0F7}"
EndProject
Global
	GlobalSection(SolutionConfigurationPlatforms) = preSolution
		Debug|Any CPU = Debug|Any CPU
		Release|Any CPU = Release|Any CPU
	EndGlobalSection
	GlobalSection(ProjectConfigurationPlatforms) = postSolution
		{182C5F4C-D099-DA0F-D0AD-7F52C8D7C0F7}.Debug|Any CPU.ActiveCfg = Debug|Any CPU
		{182C5F4C-D099-DA0F-D0AD-7F52C8D7C0F7}.Debug|Any CPU.Build.0 = Debug|Any CPU
		{182C5F4C-D099-DA0F-D0AD-7F52C8D7C0F7}.Release|Any CPU.ActiveCfg = Release|Any CPU
		{182C5F4C-D099-DA0F-D0AD-7F52C8D7C0F7}.Release|Any CPU.Build.0 = Release|Any CPU
	EndGlobalSection
	GlobalSection(SolutionProperties) = preSolution
		HideSolutionNode = FALSE
	EndGlobalSection
	GlobalSection(NestedProjects) = preSolution
		{182C5F4C-D099-DA0F-D0AD-7F52C8D7C0F7} = {9824AA2D-9169-1FBC-8A83-7227C72EA239}
	EndGlobalSection
	GlobalSection(ExtensibilityGlobals) = postSolution
		SolutionGuid = {1CEC8340-BFB3-4457-BD9C-7A625BF02AB4}
	EndGlobalSection
EndGlobal
